
Microsoft Visual Studio Solution File, Format Version 12.00
# Visual Studio Version 17
VisualStudioVersion = 17.2.32616.157
MinimumVisualStudioVersion = 10.0.40219.1
Project("{FAE04EC0-301F-11D3-BF4B-00C04F79EFBC}") = "Minesweeper", "Minesweeper\Minesweeper.csproj", "{142AD31A-F032-4555-9D80-DAD1566C770D}"
EndProject
Global
	GlobalSection(SolutionConfigurationPlatforms) = preSolution
		Debug|Any CPU = Debug|Any CPU
		Release|Any CPU = Release|Any CPU
	EndGlobalSection
	GlobalSection(ProjectConfigurationPlatforms) = postSolution
		{142AD31A-F032-4555-9D80-DAD1566C770D}.Debug|Any CPU.ActiveCfg = Debug|Any CPU
		{142AD31A-F032-4555-9D80-DAD1566C770D}.Debug|Any CPU.Build.0 = Debug|Any CPU
		{142AD31A-F032-4555-9D80-DAD1566C770D}.Release|Any CPU.ActiveCfg = Release|Any CPU
		{142AD31A-F032-4555-9D80-DAD1566C770D}.Release|Any CPU.Build.0 = Release|Any CPU
	EndGlobalSection
	GlobalSection(SolutionProperties) = preSolution
		HideSolutionNode = FALSE
	EndGlobalSection
	GlobalSection(ExtensibilityGlobals) = postSolution
		SolutionGuid = {69FDE044-9B82-44DD-A0D9-9781CA6196DD}
	EndGlobalSection
EndGlobal
